// !$*UTF8*$!
{
	archiveVersion = 1;
	classes = {
	};
	objectVersion = 46;
	objects = {

/* Begin PBXBuildFile section */
		A90BA4DB1A281A6200078424 /* BuoyancyField.cpp in Sources */ = {isa = PBXBuildFile; fileRef = A90BA4C91A281A6200078424 /* BuoyancyField.cpp */; };
		A90BA4DC1A281A6200078424 /* Circle.cpp in Sources */ = {isa = PBXBuildFile; fileRef = A90BA4CB1A281A6200078424 /* Circle.cpp */; };
		A90BA4DD1A281A6200078424 /* DampingField.cpp in Sources */ = {isa = PBXBuildFile; fileRef = A90BA4CD1A281A6200078424 /* DampingField.cpp */; };
		A90BA4DE1A281A6200078424 /* Field.cpp in Sources */ = {isa = PBXBuildFile; fileRef = A90BA4CF1A281A6200078424 /* Field.cpp */; };
		A90BA4DF1A281A6200078424 /* GameWorld.cpp in Sources */ = {isa = PBXBuildFile; fileRef = A90BA4D11A281A6200078424 /* GameWorld.cpp */; };
		A90BA4E01A281A6200078424 /* GravityField.cpp in Sources */ = {isa = PBXBuildFile; fileRef = A90BA4D31A281A6200078424 /* GravityField.cpp */; };
		A90BA4E11A281A6200078424 /* Particle.cpp in Sources */ = {isa = PBXBuildFile; fileRef = A90BA4D51A281A6200078424 /* Particle.cpp */; };
		A90BA4E21A281A6200078424 /* Rectangle.cpp in Sources */ = {isa = PBXBuildFile; fileRef = A90BA4D71A281A6200078424 /* Rectangle.cpp */; };
		A90BA4E31A281A6200078424 /* Vector.cpp in Sources */ = {isa = PBXBuildFile; fileRef = A90BA4D91A281A6200078424 /* Vector.cpp */; };
		A90BA4EB1A281F7C00078424 /* ParticleEmitter.cpp in Sources */ = {isa = PBXBuildFile; fileRef = A90BA4E91A281F7C00078424 /* ParticleEmitter.cpp */; };
		A90BA4FC1A284C1700078424 /* CP2DGameWorldRenderer.mm in Sources */ = {isa = PBXBuildFile; fileRef = A90BA4FB1A284C1700078424 /* CP2DGameWorldRenderer.mm */; };
		A90BA4FF1A284F5C00078424 /* CP2DParticleRenderer.mm in Sources */ = {isa = PBXBuildFile; fileRef = A90BA4FE1A284F5C00078424 /* CP2DParticleRenderer.mm */; };
		A90BA5041A28746100078424 /* Color.cpp in Sources */ = {isa = PBXBuildFile; fileRef = A90BA5031A28746100078424 /* Color.cpp */; };
		A90BA5071A28779800078424 /* ObstacleField.cpp in Sources */ = {isa = PBXBuildFile; fileRef = A90BA5051A28779800078424 /* ObstacleField.cpp */; };
		A90BA50A1A2877EB00078424 /* CentripetalGravityField.cpp in Sources */ = {isa = PBXBuildFile; fileRef = A90BA5081A2877EB00078424 /* CentripetalGravityField.cpp */; };
		A982DEE61A1F93310095341A /* BouncingBallTests.m in Sources */ = {isa = PBXBuildFile; fileRef = A982DEE51A1F93310095341A /* BouncingBallTests.m */; };
		A9892F991A24DAF200B65142 /* AppDelegate.m in Sources */ = {isa = PBXBuildFile; fileRef = A9892F771A24DAF200B65142 /* AppDelegate.m */; };
		A9892F9B1A24DAF200B65142 /* LaunchScreen.xib in Resources */ = {isa = PBXBuildFile; fileRef = A9892F7A1A24DAF200B65142 /* LaunchScreen.xib */; };
		A9892F9C1A24DAF200B65142 /* Main.storyboard in Resources */ = {isa = PBXBuildFile; fileRef = A9892F7C1A24DAF200B65142 /* Main.storyboard */; };
		A9892FA71A24DAF200B65142 /* GameView.mm in Sources */ = {isa = PBXBuildFile; fileRef = A9892F931A24DAF200B65142 /* GameView.mm */; };
		A9892FA81A24DAF200B65142 /* Images.xcassets in Resources */ = {isa = PBXBuildFile; fileRef = A9892F941A24DAF200B65142 /* Images.xcassets */; };
		A9892FA91A24DAF200B65142 /* Info.plist in Resources */ = {isa = PBXBuildFile; fileRef = A9892F951A24DAF200B65142 /* Info.plist */; };
		A9892FAA1A24DAF200B65142 /* main.m in Sources */ = {isa = PBXBuildFile; fileRef = A9892F961A24DAF200B65142 /* main.m */; };
		A9892FAB1A24DAF200B65142 /* ViewController.mm in Sources */ = {isa = PBXBuildFile; fileRef = A9892F981A24DAF200B65142 /* ViewController.mm */; };
/* End PBXBuildFile section */

/* Begin PBXContainerItemProxy section */
		A982DEE01A1F93310095341A /* PBXContainerItemProxy */ = {
			isa = PBXContainerItemProxy;
			containerPortal = A982DEBE1A1F93310095341A /* Project object */;
			proxyType = 1;
			remoteGlobalIDString = A982DEC51A1F93310095341A;
			remoteInfo = BouncingBall;
		};
/* End PBXContainerItemProxy section */

/* Begin PBXFileReference section */
		A90BA4C91A281A6200078424 /* BuoyancyField.cpp */ = {isa = PBXFileReference; fileEncoding = 4; lastKnownFileType = sourcecode.cpp.cpp; path = BuoyancyField.cpp; sourceTree = "<group>"; };
		A90BA4CA1A281A6200078424 /* BuoyancyField.h */ = {isa = PBXFileReference; fileEncoding = 4; lastKnownFileType = sourcecode.c.h; path = BuoyancyField.h; sourceTree = "<group>"; };
		A90BA4CB1A281A6200078424 /* Circle.cpp */ = {isa = PBXFileReference; fileEncoding = 4; lastKnownFileType = sourcecode.cpp.cpp; path = Circle.cpp; sourceTree = "<group>"; };
		A90BA4CC1A281A6200078424 /* Circle.h */ = {isa = PBXFileReference; fileEncoding = 4; lastKnownFileType = sourcecode.c.h; path = Circle.h; sourceTree = "<group>"; };
		A90BA4CD1A281A6200078424 /* DampingField.cpp */ = {isa = PBXFileReference; fileEncoding = 4; lastKnownFileType = sourcecode.cpp.cpp; path = DampingField.cpp; sourceTree = "<group>"; };
		A90BA4CE1A281A6200078424 /* DampingField.h */ = {isa = PBXFileReference; fileEncoding = 4; lastKnownFileType = sourcecode.c.h; path = DampingField.h; sourceTree = "<group>"; };
		A90BA4CF1A281A6200078424 /* Field.cpp */ = {isa = PBXFileReference; fileEncoding = 4; lastKnownFileType = sourcecode.cpp.cpp; path = Field.cpp; sourceTree = "<group>"; };
		A90BA4D01A281A6200078424 /* Field.h */ = {isa = PBXFileReference; fileEncoding = 4; lastKnownFileType = sourcecode.c.h; path = Field.h; sourceTree = "<group>"; };
		A90BA4D11A281A6200078424 /* GameWorld.cpp */ = {isa = PBXFileReference; fileEncoding = 4; lastKnownFileType = sourcecode.cpp.cpp; path = GameWorld.cpp; sourceTree = "<group>"; };
		A90BA4D21A281A6200078424 /* GameWorld.h */ = {isa = PBXFileReference; fileEncoding = 4; lastKnownFileType = sourcecode.c.h; path = GameWorld.h; sourceTree = "<group>"; };
		A90BA4D31A281A6200078424 /* GravityField.cpp */ = {isa = PBXFileReference; fileEncoding = 4; lastKnownFileType = sourcecode.cpp.cpp; path = GravityField.cpp; sourceTree = "<group>"; };
		A90BA4D41A281A6200078424 /* GravityField.h */ = {isa = PBXFileReference; fileEncoding = 4; lastKnownFileType = sourcecode.c.h; path = GravityField.h; sourceTree = "<group>"; };
		A90BA4D51A281A6200078424 /* Particle.cpp */ = {isa = PBXFileReference; fileEncoding = 4; lastKnownFileType = sourcecode.cpp.cpp; path = Particle.cpp; sourceTree = "<group>"; };
		A90BA4D61A281A6200078424 /* Particle.h */ = {isa = PBXFileReference; fileEncoding = 4; lastKnownFileType = sourcecode.c.h; path = Particle.h; sourceTree = "<group>"; };
		A90BA4D71A281A6200078424 /* Rectangle.cpp */ = {isa = PBXFileReference; fileEncoding = 4; lastKnownFileType = sourcecode.cpp.cpp; path = Rectangle.cpp; sourceTree = "<group>"; };
		A90BA4D81A281A6200078424 /* Rectangle.h */ = {isa = PBXFileReference; fileEncoding = 4; lastKnownFileType = sourcecode.c.h; path = Rectangle.h; sourceTree = "<group>"; };
		A90BA4D91A281A6200078424 /* Vector.cpp */ = {isa = PBXFileReference; fileEncoding = 4; lastKnownFileType = sourcecode.cpp.cpp; path = Vector.cpp; sourceTree = "<group>"; };
		A90BA4DA1A281A6200078424 /* Vector.h */ = {isa = PBXFileReference; fileEncoding = 4; lastKnownFileType = sourcecode.c.h; path = Vector.h; sourceTree = "<group>"; };
		A90BA4E51A281A8000078424 /* config.h */ = {isa = PBXFileReference; fileEncoding = 4; lastKnownFileType = sourcecode.c.h; path = config.h; sourceTree = "<group>"; };
		A90BA4E91A281F7C00078424 /* ParticleEmitter.cpp */ = {isa = PBXFileReference; fileEncoding = 4; lastKnownFileType = sourcecode.cpp.cpp; path = ParticleEmitter.cpp; sourceTree = "<group>"; };
		A90BA4EA1A281F7C00078424 /* ParticleEmitter.h */ = {isa = PBXFileReference; fileEncoding = 4; lastKnownFileType = sourcecode.c.h; path = ParticleEmitter.h; sourceTree = "<group>"; };
		A90BA4FA1A284C1700078424 /* CP2DGameWorldRenderer.h */ = {isa = PBXFileReference; fileEncoding = 4; lastKnownFileType = sourcecode.c.h; path = CP2DGameWorldRenderer.h; sourceTree = "<group>"; };
		A90BA4FB1A284C1700078424 /* CP2DGameWorldRenderer.mm */ = {isa = PBXFileReference; fileEncoding = 4; lastKnownFileType = sourcecode.cpp.objcpp; path = CP2DGameWorldRenderer.mm; sourceTree = "<group>"; };
		A90BA4FD1A284F5C00078424 /* CP2DParticleRenderer.h */ = {isa = PBXFileReference; fileEncoding = 4; lastKnownFileType = sourcecode.c.h; path = CP2DParticleRenderer.h; sourceTree = "<group>"; };
		A90BA4FE1A284F5C00078424 /* CP2DParticleRenderer.mm */ = {isa = PBXFileReference; fileEncoding = 4; lastKnownFileType = sourcecode.cpp.objcpp; path = CP2DParticleRenderer.mm; sourceTree = "<group>"; };
		A90BA5011A28641600078424 /* Color.h */ = {isa = PBXFileReference; fileEncoding = 4; lastKnownFileType = sourcecode.c.h; path = Color.h; sourceTree = "<group>"; };
		A90BA5031A28746100078424 /* Color.cpp */ = {isa = PBXFileReference; fileEncoding = 4; lastKnownFileType = sourcecode.cpp.cpp; path = Color.cpp; sourceTree = "<group>"; };
		A90BA5051A28779800078424 /* ObstacleField.cpp */ = {isa = PBXFileReference; fileEncoding = 4; lastKnownFileType = sourcecode.cpp.cpp; path = ObstacleField.cpp; sourceTree = "<group>"; };
		A90BA5061A28779800078424 /* ObstacleField.h */ = {isa = PBXFileReference; fileEncoding = 4; lastKnownFileType = sourcecode.c.h; path = ObstacleField.h; sourceTree = "<group>"; };
		A90BA5081A2877EB00078424 /* CentripetalGravityField.cpp */ = {isa = PBXFileReference; fileEncoding = 4; lastKnownFileType = sourcecode.cpp.cpp; path = CentripetalGravityField.cpp; sourceTree = "<group>"; };
		A90BA5091A2877EB00078424 /* CentripetalGravityField.h */ = {isa = PBXFileReference; fileEncoding = 4; lastKnownFileType = sourcecode.c.h; path = CentripetalGravityField.h; sourceTree = "<group>"; };
		A982DEC61A1F93310095341A /* BouncingBall.app */ = {isa = PBXFileReference; explicitFileType = wrapper.application; includeInIndex = 0; path = BouncingBall.app; sourceTree = BUILT_PRODUCTS_DIR; };
		A982DEDF1A1F93310095341A /* BouncingBallTests.xctest */ = {isa = PBXFileReference; explicitFileType = wrapper.cfbundle; includeInIndex = 0; path = BouncingBallTests.xctest; sourceTree = BUILT_PRODUCTS_DIR; };
		A982DEE41A1F93310095341A /* Info.plist */ = {isa = PBXFileReference; lastKnownFileType = text.plist.xml; path = Info.plist; sourceTree = "<group>"; };
		A982DEE51A1F93310095341A /* BouncingBallTests.m */ = {isa = PBXFileReference; lastKnownFileType = sourcecode.c.objc; path = BouncingBallTests.m; sourceTree = "<group>"; };
		A9892F761A24DAF200B65142 /* AppDelegate.h */ = {isa = PBXFileReference; fileEncoding = 4; lastKnownFileType = sourcecode.c.h; path = AppDelegate.h; sourceTree = "<group>"; };
		A9892F771A24DAF200B65142 /* AppDelegate.m */ = {isa = PBXFileReference; fileEncoding = 4; lastKnownFileType = sourcecode.c.objc; path = AppDelegate.m; sourceTree = "<group>"; };
		A9892F7B1A24DAF200B65142 /* Base */ = {isa = PBXFileReference; lastKnownFileType = file.xib; name = Base; path = Base.lproj/LaunchScreen.xib; sourceTree = "<group>"; };
		A9892F7D1A24DAF200B65142 /* Base */ = {isa = PBXFileReference; lastKnownFileType = file.storyboard; name = Base; path = Base.lproj/Main.storyboard; sourceTree = "<group>"; };
		A9892F921A24DAF200B65142 /* GameView.h */ = {isa = PBXFileReference; fileEncoding = 4; lastKnownFileType = sourcecode.c.h; path = GameView.h; sourceTree = "<group>"; };
		A9892F931A24DAF200B65142 /* GameView.mm */ = {isa = PBXFileReference; fileEncoding = 4; lastKnownFileType = sourcecode.cpp.objcpp; path = GameView.mm; sourceTree = "<group>"; };
		A9892F941A24DAF200B65142 /* Images.xcassets */ = {isa = PBXFileReference; lastKnownFileType = folder.assetcatalog; path = Images.xcassets; sourceTree = "<group>"; };
		A9892F951A24DAF200B65142 /* Info.plist */ = {isa = PBXFileReference; fileEncoding = 4; lastKnownFileType = text.plist.xml; path = Info.plist; sourceTree = "<group>"; };
		A9892F961A24DAF200B65142 /* main.m */ = {isa = PBXFileReference; fileEncoding = 4; lastKnownFileType = sourcecode.c.objc; path = main.m; sourceTree = "<group>"; };
		A9892F971A24DAF200B65142 /* ViewController.h */ = {isa = PBXFileReference; fileEncoding = 4; lastKnownFileType = sourcecode.c.h; path = ViewController.h; sourceTree = "<group>"; };
		A9892F981A24DAF200B65142 /* ViewController.mm */ = {isa = PBXFileReference; fileEncoding = 4; lastKnownFileType = sourcecode.cpp.objcpp; path = ViewController.mm; sourceTree = "<group>"; };
/* End PBXFileReference section */

/* Begin PBXFrameworksBuildPhase section */
		A982DEC31A1F93310095341A /* Frameworks */ = {
			isa = PBXFrameworksBuildPhase;
			buildActionMask = 2147483647;
			files = (
			);
			runOnlyForDeploymentPostprocessing = 0;
		};
		A982DEDC1A1F93310095341A /* Frameworks */ = {
			isa = PBXFrameworksBuildPhase;
			buildActionMask = 2147483647;
			files = (
			);
			runOnlyForDeploymentPostprocessing = 0;
		};
/* End PBXFrameworksBuildPhase section */

/* Begin PBXGroup section */
		A90BA4C71A281A6200078424 /* engine */ = {
			isa = PBXGroup;
			children = (
				A90BA4F91A284C0700078424 /* ios */,
				A90BA4E41A281A8000078424 /* config */,
				A90BA4C81A281A6200078424 /* core */,
			);
			path = engine;
			sourceTree = "<group>";
		};
		A90BA4C81A281A6200078424 /* core */ = {
			isa = PBXGroup;
			children = (
				A90BA5081A2877EB00078424 /* CentripetalGravityField.cpp */,
				A90BA5091A2877EB00078424 /* CentripetalGravityField.h */,
				A90BA5051A28779800078424 /* ObstacleField.cpp */,
				A90BA5061A28779800078424 /* ObstacleField.h */,
				A90BA4E91A281F7C00078424 /* ParticleEmitter.cpp */,
				A90BA4EA1A281F7C00078424 /* ParticleEmitter.h */,
				A90BA4C91A281A6200078424 /* BuoyancyField.cpp */,
				A90BA4CA1A281A6200078424 /* BuoyancyField.h */,
				A90BA4CB1A281A6200078424 /* Circle.cpp */,
				A90BA4CC1A281A6200078424 /* Circle.h */,
				A90BA4CD1A281A6200078424 /* DampingField.cpp */,
				A90BA4CE1A281A6200078424 /* DampingField.h */,
				A90BA4CF1A281A6200078424 /* Field.cpp */,
				A90BA4D01A281A6200078424 /* Field.h */,
				A90BA4D11A281A6200078424 /* GameWorld.cpp */,
				A90BA4D21A281A6200078424 /* GameWorld.h */,
				A90BA4D31A281A6200078424 /* GravityField.cpp */,
				A90BA4D41A281A6200078424 /* GravityField.h */,
				A90BA4D51A281A6200078424 /* Particle.cpp */,
				A90BA4D61A281A6200078424 /* Particle.h */,
				A90BA4D71A281A6200078424 /* Rectangle.cpp */,
				A90BA4D81A281A6200078424 /* Rectangle.h */,
				A90BA4D91A281A6200078424 /* Vector.cpp */,
				A90BA4DA1A281A6200078424 /* Vector.h */,
				A90BA5011A28641600078424 /* Color.h */,
				A90BA5031A28746100078424 /* Color.cpp */,
			);
			path = core;
			sourceTree = "<group>";
		};
		A90BA4E41A281A8000078424 /* config */ = {
			isa = PBXGroup;
			children = (
				A90BA4E51A281A8000078424 /* config.h */,
			);
			path = config;
			sourceTree = "<group>";
		};
		A90BA4F91A284C0700078424 /* ios */ = {
			isa = PBXGroup;
			children = (
				A90BA4FA1A284C1700078424 /* CP2DGameWorldRenderer.h */,
				A90BA4FB1A284C1700078424 /* CP2DGameWorldRenderer.mm */,
				A90BA4FD1A284F5C00078424 /* CP2DParticleRenderer.h */,
				A90BA4FE1A284F5C00078424 /* CP2DParticleRenderer.mm */,
			);
			path = ios;
			sourceTree = "<group>";
		};
		A982DEBD1A1F93310095341A = {
			isa = PBXGroup;
			children = (
				A9892F751A24DAF200B65142 /* BouncingBall */,
				A982DEE21A1F93310095341A /* BouncingBallTests */,
				A982DEC71A1F93310095341A /* Products */,
			);
			sourceTree = "<group>";
		};
		A982DEC71A1F93310095341A /* Products */ = {
			isa = PBXGroup;
			children = (
				A982DEC61A1F93310095341A /* BouncingBall.app */,
				A982DEDF1A1F93310095341A /* BouncingBallTests.xctest */,
			);
			name = Products;
			sourceTree = "<group>";
		};
		A982DEE21A1F93310095341A /* BouncingBallTests */ = {
			isa = PBXGroup;
			children = (
				A982DEE51A1F93310095341A /* BouncingBallTests.m */,
				A982DEE31A1F93310095341A /* Supporting Files */,
			);
			path = BouncingBallTests;
			sourceTree = "<group>";
		};
		A982DEE31A1F93310095341A /* Supporting Files */ = {
			isa = PBXGroup;
			children = (
				A982DEE41A1F93310095341A /* Info.plist */,
			);
			name = "Supporting Files";
			sourceTree = "<group>";
		};
		A9892F751A24DAF200B65142 /* BouncingBall */ = {
			isa = PBXGroup;
			children = (
				A90BA4C71A281A6200078424 /* engine */,
				A9892F761A24DAF200B65142 /* AppDelegate.h */,
				A9892F771A24DAF200B65142 /* AppDelegate.m */,
				A9892F7A1A24DAF200B65142 /* LaunchScreen.xib */,
				A9892F7C1A24DAF200B65142 /* Main.storyboard */,
				A9892F921A24DAF200B65142 /* GameView.h */,
				A9892F931A24DAF200B65142 /* GameView.mm */,
				A9892F941A24DAF200B65142 /* Images.xcassets */,
				A9892F951A24DAF200B65142 /* Info.plist */,
				A9892F961A24DAF200B65142 /* main.m */,
				A9892F971A24DAF200B65142 /* ViewController.h */,
				A9892F981A24DAF200B65142 /* ViewController.mm */,
			);
			path = BouncingBall;
			sourceTree = "<group>";
		};
/* End PBXGroup section */

/* Begin PBXNativeTarget section */
		A982DEC51A1F93310095341A /* BouncingBall */ = {
			isa = PBXNativeTarget;
			buildConfigurationList = A982DEE91A1F93310095341A /* Build configuration list for PBXNativeTarget "BouncingBall" */;
			buildPhases = (
				A982DEC21A1F93310095341A /* Sources */,
				A982DEC31A1F93310095341A /* Frameworks */,
				A982DEC41A1F93310095341A /* Resources */,
			);
			buildRules = (
			);
			dependencies = (
			);
			name = BouncingBall;
			productName = BouncingBall;
			productReference = A982DEC61A1F93310095341A /* BouncingBall.app */;
			productType = "com.apple.product-type.application";
		};
		A982DEDE1A1F93310095341A /* BouncingBallTests */ = {
			isa = PBXNativeTarget;
			buildConfigurationList = A982DEEC1A1F93310095341A /* Build configuration list for PBXNativeTarget "BouncingBallTests" */;
			buildPhases = (
				A982DEDB1A1F93310095341A /* Sources */,
				A982DEDC1A1F93310095341A /* Frameworks */,
				A982DEDD1A1F93310095341A /* Resources */,
			);
			buildRules = (
			);
			dependencies = (
				A982DEE11A1F93310095341A /* PBXTargetDependency */,
			);
			name = BouncingBallTests;
			productName = BouncingBallTests;
			productReference = A982DEDF1A1F93310095341A /* BouncingBallTests.xctest */;
			productType = "com.apple.product-type.bundle.unit-test";
		};
/* End PBXNativeTarget section */

/* Begin PBXProject section */
		A982DEBE1A1F93310095341A /* Project object */ = {
			isa = PBXProject;
			attributes = {
				LastUpgradeCheck = 0610;
				ORGANIZATIONNAME = JIRENTIANXIANG;
				TargetAttributes = {
					A982DEC51A1F93310095341A = {
						CreatedOnToolsVersion = 6.1;
					};
					A982DEDE1A1F93310095341A = {
						CreatedOnToolsVersion = 6.1;
						TestTargetID = A982DEC51A1F93310095341A;
					};
				};
			};
			buildConfigurationList = A982DEC11A1F93310095341A /* Build configuration list for PBXProject "BouncingBall" */;
			compatibilityVersion = "Xcode 3.2";
			developmentRegion = English;
			hasScannedForEncodings = 0;
			knownRegions = (
				en,
				Base,
			);
			mainGroup = A982DEBD1A1F93310095341A;
			productRefGroup = A982DEC71A1F93310095341A /* Products */;
			projectDirPath = "";
			projectRoot = "";
			targets = (
				A982DEC51A1F93310095341A /* BouncingBall */,
				A982DEDE1A1F93310095341A /* BouncingBallTests */,
			);
		};
/* End PBXProject section */

/* Begin PBXResourcesBuildPhase section */
		A982DEC41A1F93310095341A /* Resources */ = {
			isa = PBXResourcesBuildPhase;
			buildActionMask = 2147483647;
			files = (
				A9892FA91A24DAF200B65142 /* Info.plist in Resources */,
				A9892FA81A24DAF200B65142 /* Images.xcassets in Resources */,
				A9892F9B1A24DAF200B65142 /* LaunchScreen.xib in Resources */,
				A9892F9C1A24DAF200B65142 /* Main.storyboard in Resources */,
			);
			runOnlyForDeploymentPostprocessing = 0;
		};
		A982DEDD1A1F93310095341A /* Resources */ = {
			isa = PBXResourcesBuildPhase;
			buildActionMask = 2147483647;
			files = (
			);
			runOnlyForDeploymentPostprocessing = 0;
		};
/* End PBXResourcesBuildPhase section */

/* Begin PBXSourcesBuildPhase section */
		A982DEC21A1F93310095341A /* Sources */ = {
			isa = PBXSourcesBuildPhase;
			buildActionMask = 2147483647;
			files = (
				A90BA4DC1A281A6200078424 /* Circle.cpp in Sources */,
				A90BA4FF1A284F5C00078424 /* CP2DParticleRenderer.mm in Sources */,
				A90BA4E11A281A6200078424 /* Particle.cpp in Sources */,
				A90BA4DE1A281A6200078424 /* Field.cpp in Sources */,
				A90BA4DF1A281A6200078424 /* GameWorld.cpp in Sources */,
				A9892FAB1A24DAF200B65142 /* ViewController.mm in Sources */,
				A90BA4DB1A281A6200078424 /* BuoyancyField.cpp in Sources */,
				A90BA5041A28746100078424 /* Color.cpp in Sources */,
				A90BA4EB1A281F7C00078424 /* ParticleEmitter.cpp in Sources */,
				A90BA5071A28779800078424 /* ObstacleField.cpp in Sources */,
				A90BA50A1A2877EB00078424 /* CentripetalGravityField.cpp in Sources */,
				A90BA4E01A281A6200078424 /* GravityField.cpp in Sources */,
				A90BA4FC1A284C1700078424 /* CP2DGameWorldRenderer.mm in Sources */,
				A90BA4E31A281A6200078424 /* Vector.cpp in Sources */,
				A90BA4E21A281A6200078424 /* Rectangle.cpp in Sources */,
				A9892F991A24DAF200B65142 /* AppDelegate.m in Sources */,
				A90BA4DD1A281A6200078424 /* DampingField.cpp in Sources */,
				A9892FAA1A24DAF200B65142 /* main.m in Sources */,
				A9892FA71A24DAF200B65142 /* GameView.mm in Sources */,
			);
			runOnlyForDeploymentPostprocessing = 0;
		};
		A982DEDB1A1F93310095341A /* Sources */ = {
			isa = PBXSourcesBuildPhase;
			buildActionMask = 2147483647;
			files = (
				A982DEE61A1F93310095341A /* BouncingBallTests.m in Sources */,
			);
			runOnlyForDeploymentPostprocessing = 0;
		};
/* End PBXSourcesBuildPhase section */

/* Begin PBXTargetDependency section */
		A982DEE11A1F93310095341A /* PBXTargetDependency */ = {
			isa = PBXTargetDependency;
			target = A982DEC51A1F93310095341A /* BouncingBall */;
			targetProxy = A982DEE01A1F93310095341A /* PBXContainerItemProxy */;
		};
/* End PBXTargetDependency section */

/* Begin PBXVariantGroup section */
		A9892F7A1A24DAF200B65142 /* LaunchScreen.xib */ = {
			isa = PBXVariantGroup;
			children = (
				A9892F7B1A24DAF200B65142 /* Base */,
			);
			name = LaunchScreen.xib;
			sourceTree = "<group>";
		};
		A9892F7C1A24DAF200B65142 /* Main.storyboard */ = {
			isa = PBXVariantGroup;
			children = (
				A9892F7D1A24DAF200B65142 /* Base */,
			);
			name = Main.storyboard;
			sourceTree = "<group>";
		};
/* End PBXVariantGroup section */

/* Begin XCBuildConfiguration section */
		A982DEE71A1F93310095341A /* Debug */ = {
			isa = XCBuildConfiguration;
			buildSettings = {
				ALWAYS_SEARCH_USER_PATHS = NO;
				CLANG_CXX_LANGUAGE_STANDARD = "gnu++0x";
				CLANG_CXX_LIBRARY = "libc++";
				CLANG_ENABLE_MODULES = YES;
				CLANG_ENABLE_OBJC_ARC = YES;
				CLANG_WARN_BOOL_CONVERSION = YES;
				CLANG_WARN_CONSTANT_CONVERSION = YES;
				CLANG_WARN_DIRECT_OBJC_ISA_USAGE = YES_ERROR;
				CLANG_WARN_EMPTY_BODY = YES;
				CLANG_WARN_ENUM_CONVERSION = YES;
				CLANG_WARN_INT_CONVERSION = YES;
				CLANG_WARN_OBJC_ROOT_CLASS = YES_ERROR;
				CLANG_WARN_UNREACHABLE_CODE = YES;
				CLANG_WARN__DUPLICATE_METHOD_MATCH = YES;
				"CODE_SIGN_IDENTITY[sdk=iphoneos*]" = "iPhone Developer";
				COPY_PHASE_STRIP = NO;
				ENABLE_STRICT_OBJC_MSGSEND = YES;
				GCC_C_LANGUAGE_STANDARD = gnu99;
				GCC_DYNAMIC_NO_PIC = NO;
				GCC_OPTIMIZATION_LEVEL = 0;
				GCC_PREPROCESSOR_DEFINITIONS = (
					"DEBUG=1",
					"$(inherited)",
				);
				GCC_SYMBOLS_PRIVATE_EXTERN = NO;
				GCC_WARN_64_TO_32_BIT_CONVERSION = YES;
				GCC_WARN_ABOUT_RETURN_TYPE = YES_ERROR;
				GCC_WARN_UNDECLARED_SELECTOR = YES;
				GCC_WARN_UNINITIALIZED_AUTOS = YES_AGGRESSIVE;
				GCC_WARN_UNUSED_FUNCTION = YES;
				GCC_WARN_UNUSED_VARIABLE = YES;
				IPHONEOS_DEPLOYMENT_TARGET = 8.1;
				MTL_ENABLE_DEBUG_INFO = YES;
				ONLY_ACTIVE_ARCH = YES;
				SDKROOT = iphoneos;
				TARGETED_DEVICE_FAMILY = "1,2";
			};
			name = Debug;
		};
		A982DEE81A1F93310095341A /* Release */ = {
			isa = XCBuildConfiguration;
			buildSettings = {
				ALWAYS_SEARCH_USER_PATHS = NO;
				CLANG_CXX_LANGUAGE_STANDARD = "gnu++0x";
				CLANG_CXX_LIBRARY = "libc++";
				CLANG_ENABLE_MODULES = YES;
				CLANG_ENABLE_OBJC_ARC = YES;
				CLANG_WARN_BOOL_CONVERSION = YES;
				CLANG_WARN_CONSTANT_CONVERSION = YES;
				CLANG_WARN_DIRECT_OBJC_ISA_USAGE = YES_ERROR;
				CLANG_WARN_EMPTY_BODY = YES;
				CLANG_WARN_ENUM_CONVERSION = YES;
				CLANG_WARN_INT_CONVERSION = YES;
				CLANG_WARN_OBJC_ROOT_CLASS = YES_ERROR;
				CLANG_WARN_UNREACHABLE_CODE = YES;
				CLANG_WARN__DUPLICATE_METHOD_MATCH = YES;
				"CODE_SIGN_IDENTITY[sdk=iphoneos*]" = "iPhone Developer";
				COPY_PHASE_STRIP = YES;
				ENABLE_NS_ASSERTIONS = NO;
				ENABLE_STRICT_OBJC_MSGSEND = YES;
				GCC_C_LANGUAGE_STANDARD = gnu99;
				GCC_WARN_64_TO_32_BIT_CONVERSION = YES;
				GCC_WARN_ABOUT_RETURN_TYPE = YES_ERROR;
				GCC_WARN_UNDECLARED_SELECTOR = YES;
				GCC_WARN_UNINITIALIZED_AUTOS = YES_AGGRESSIVE;
				GCC_WARN_UNUSED_FUNCTION = YES;
				GCC_WARN_UNUSED_VARIABLE = YES;
				IPHONEOS_DEPLOYMENT_TARGET = 8.1;
				MTL_ENABLE_DEBUG_INFO = NO;
				SDKROOT = iphoneos;
				TARGETED_DEVICE_FAMILY = "1,2";
				VALIDATE_PRODUCT = YES;
			};
			name = Release;
		};
		A982DEEA1A1F93310095341A /* Debug */ = {
			isa = XCBuildConfiguration;
			buildSettings = {
				ASSETCATALOG_COMPILER_APPICON_NAME = AppIcon;
				INFOPLIST_FILE = BouncingBall/Info.plist;
				LD_RUNPATH_SEARCH_PATHS = "$(inherited) @executable_path/Frameworks";
				PRODUCT_NAME = "$(TARGET_NAME)";
			};
			name = Debug;
		};
		A982DEEB1A1F93310095341A /* Release */ = {
			isa = XCBuildConfiguration;
			buildSettings = {
				ASSETCATALOG_COMPILER_APPICON_NAME = AppIcon;
				INFOPLIST_FILE = BouncingBall/Info.plist;
				LD_RUNPATH_SEARCH_PATHS = "$(inherited) @executable_path/Frameworks";
				PRODUCT_NAME = "$(TARGET_NAME)";
			};
			name = Release;
		};
		A982DEED1A1F93310095341A /* Debug */ = {
			isa = XCBuildConfiguration;
			buildSettings = {
				BUNDLE_LOADER = "$(TEST_HOST)";
				FRAMEWORK_SEARCH_PATHS = (
					"$(SDKROOT)/Developer/Library/Frameworks",
					"$(inherited)",
				);
				GCC_PREPROCESSOR_DEFINITIONS = (
					"DEBUG=1",
					"$(inherited)",
				);
				INFOPLIST_FILE = BouncingBallTests/Info.plist;
				LD_RUNPATH_SEARCH_PATHS = "$(inherited) @executable_path/Frameworks @loader_path/Frameworks";
				PRODUCT_NAME = "$(TARGET_NAME)";
				TEST_HOST = "$(BUILT_PRODUCTS_DIR)/BouncingBall.app/BouncingBall";
			};
			name = Debug;
		};
		A982DEEE1A1F93310095341A /* Release */ = {
			isa = XCBuildConfiguration;
			buildSettings = {
				BUNDLE_LOADER = "$(TEST_HOST)";
				FRAMEWORK_SEARCH_PATHS = (
					"$(SDKROOT)/Developer/Library/Frameworks",
					"$(inherited)",
				);
				INFOPLIST_FILE = BouncingBallTests/Info.plist;
				LD_RUNPATH_SEARCH_PATHS = "$(inherited) @executable_path/Frameworks @loader_path/Frameworks";
				PRODUCT_NAME = "$(TARGET_NAME)";
				TEST_HOST = "$(BUILT_PRODUCTS_DIR)/BouncingBall.app/BouncingBall";
			};
			name = Release;
		};
/* End XCBuildConfiguration section */

/* Begin XCConfigurationList section */
		A982DEC11A1F93310095341A /* Build configuration list for PBXProject "BouncingBall" */ = {
			isa = XCConfigurationList;
			buildConfigurations = (
				A982DEE71A1F93310095341A /* Debug */,
				A982DEE81A1F93310095341A /* Release */,
			);
			defaultConfigurationIsVisible = 0;
			defaultConfigurationName = Release;
		};
		A982DEE91A1F93310095341A /* Build configuration list for PBXNativeTarget "BouncingBall" */ = {
			isa = XCConfigurationList;
			buildConfigurations = (
				A982DEEA1A1F93310095341A /* Debug */,
				A982DEEB1A1F93310095341A /* Release */,
			);
			defaultConfigurationIsVisible = 0;
			defaultConfigurationName = Release;
		};
		A982DEEC1A1F93310095341A /* Build configuration list for PBXNativeTarget "BouncingBallTests" */ = {
			isa = XCConfigurationList;
			buildConfigurations = (
				A982DEED1A1F93310095341A /* Debug */,
				A982DEEE1A1F93310095341A /* Release */,
			);
			defaultConfigurationIsVisible = 0;
			defaultConfigurationName = Release;
		};
/* End XCConfigurationList section */
	};
	rootObject = A982DEBE1A1F93310095341A /* Project object */;
}
