// !$*UTF8*$!
{
	archiveVersion = 1;
	classes = {
	};
	objectVersion = 46;
	objects = {

/* Begin PBXBuildFile section */
		A96843081A26097A00C3EEBF /* BuoyancyField.cpp in Sources */ = {isa = PBXBuildFile; fileRef = A96842EF1A26097A00C3EEBF /* BuoyancyField.cpp */; };
		A96843091A26097A00C3EEBF /* Circle.cpp in Sources */ = {isa = PBXBuildFile; fileRef = A96842F11A26097A00C3EEBF /* Circle.cpp */; };
		A968430A1A26097A00C3EEBF /* DampingField.cpp in Sources */ = {isa = PBXBuildFile; fileRef = A96842F31A26097A00C3EEBF /* DampingField.cpp */; };
		A968430B1A26097A00C3EEBF /* Emitter.cpp in Sources */ = {isa = PBXBuildFile; fileRef = A96842F51A26097A00C3EEBF /* Emitter.cpp */; };
		A968430C1A26097A00C3EEBF /* Field.cpp in Sources */ = {isa = PBXBuildFile; fileRef = A96842F71A26097A00C3EEBF /* Field.cpp */; };
		A968430D1A26097A00C3EEBF /* GameWorld.cpp in Sources */ = {isa = PBXBuildFile; fileRef = A96842F91A26097A00C3EEBF /* GameWorld.cpp */; };
		A968430E1A26097A00C3EEBF /* GravityField.cpp in Sources */ = {isa = PBXBuildFile; fileRef = A96842FB1A26097A00C3EEBF /* GravityField.cpp */; };
		A968430F1A26097A00C3EEBF /* ObstacleField.cpp in Sources */ = {isa = PBXBuildFile; fileRef = A96842FD1A26097A00C3EEBF /* ObstacleField.cpp */; };
		A96843101A26097A00C3EEBF /* Particle.cpp in Sources */ = {isa = PBXBuildFile; fileRef = A96842FF1A26097A00C3EEBF /* Particle.cpp */; };
		A96843111A26097A00C3EEBF /* Rectangle.cpp in Sources */ = {isa = PBXBuildFile; fileRef = A96843011A26097A00C3EEBF /* Rectangle.cpp */; };
		A96843131A26097A00C3EEBF /* Vector.cpp in Sources */ = {isa = PBXBuildFile; fileRef = A96843051A26097A00C3EEBF /* Vector.cpp */; };
		A968431D1A2714C000C3EEBF /* CentripetalGravityField.cpp in Sources */ = {isa = PBXBuildFile; fileRef = A968431B1A2714C000C3EEBF /* CentripetalGravityField.cpp */; };
		A982DEE61A1F93310095341A /* BouncingBallTests.m in Sources */ = {isa = PBXBuildFile; fileRef = A982DEE51A1F93310095341A /* BouncingBallTests.m */; };
		A9892F991A24DAF200B65142 /* AppDelegate.m in Sources */ = {isa = PBXBuildFile; fileRef = A9892F771A24DAF200B65142 /* AppDelegate.m */; };
		A9892F9A1A24DAF200B65142 /* Ball.mm in Sources */ = {isa = PBXBuildFile; fileRef = A9892F791A24DAF200B65142 /* Ball.mm */; };
		A9892F9B1A24DAF200B65142 /* LaunchScreen.xib in Resources */ = {isa = PBXBuildFile; fileRef = A9892F7A1A24DAF200B65142 /* LaunchScreen.xib */; };
		A9892F9C1A24DAF200B65142 /* Main.storyboard in Resources */ = {isa = PBXBuildFile; fileRef = A9892F7C1A24DAF200B65142 /* Main.storyboard */; };
		A9892FA71A24DAF200B65142 /* GameView.mm in Sources */ = {isa = PBXBuildFile; fileRef = A9892F931A24DAF200B65142 /* GameView.mm */; };
		A9892FA81A24DAF200B65142 /* Images.xcassets in Resources */ = {isa = PBXBuildFile; fileRef = A9892F941A24DAF200B65142 /* Images.xcassets */; };
		A9892FA91A24DAF200B65142 /* Info.plist in Resources */ = {isa = PBXBuildFile; fileRef = A9892F951A24DAF200B65142 /* Info.plist */; };
		A9892FAA1A24DAF200B65142 /* main.m in Sources */ = {isa = PBXBuildFile; fileRef = A9892F961A24DAF200B65142 /* main.m */; };
		A9892FAB1A24DAF200B65142 /* ViewController.mm in Sources */ = {isa = PBXBuildFile; fileRef = A9892F981A24DAF200B65142 /* ViewController.mm */; };
/* End PBXBuildFile section */

/* Begin PBXContainerItemProxy section */
		A982DEE01A1F93310095341A /* PBXContainerItemProxy */ = {
			isa = PBXContainerItemProxy;
			containerPortal = A982DEBE1A1F93310095341A /* Project object */;
			proxyType = 1;
			remoteGlobalIDString = A982DEC51A1F93310095341A;
			remoteInfo = BouncingBall;
		};
/* End PBXContainerItemProxy section */

/* Begin PBXFileReference section */
		A96842EF1A26097A00C3EEBF /* BuoyancyField.cpp */ = {isa = PBXFileReference; fileEncoding = 4; lastKnownFileType = sourcecode.cpp.cpp; path = BuoyancyField.cpp; sourceTree = "<group>"; };
		A96842F01A26097A00C3EEBF /* BuoyancyField.h */ = {isa = PBXFileReference; fileEncoding = 4; lastKnownFileType = sourcecode.c.h; path = BuoyancyField.h; sourceTree = "<group>"; };
		A96842F11A26097A00C3EEBF /* Circle.cpp */ = {isa = PBXFileReference; fileEncoding = 4; lastKnownFileType = sourcecode.cpp.cpp; path = Circle.cpp; sourceTree = "<group>"; };
		A96842F21A26097A00C3EEBF /* Circle.h */ = {isa = PBXFileReference; fileEncoding = 4; lastKnownFileType = sourcecode.c.h; path = Circle.h; sourceTree = "<group>"; };
		A96842F31A26097A00C3EEBF /* DampingField.cpp */ = {isa = PBXFileReference; fileEncoding = 4; lastKnownFileType = sourcecode.cpp.cpp; path = DampingField.cpp; sourceTree = "<group>"; };
		A96842F41A26097A00C3EEBF /* DampingField.h */ = {isa = PBXFileReference; fileEncoding = 4; lastKnownFileType = sourcecode.c.h; path = DampingField.h; sourceTree = "<group>"; };
		A96842F51A26097A00C3EEBF /* Emitter.cpp */ = {isa = PBXFileReference; fileEncoding = 4; lastKnownFileType = sourcecode.cpp.cpp; path = Emitter.cpp; sourceTree = "<group>"; };
		A96842F61A26097A00C3EEBF /* Emitter.h */ = {isa = PBXFileReference; fileEncoding = 4; lastKnownFileType = sourcecode.c.h; path = Emitter.h; sourceTree = "<group>"; };
		A96842F71A26097A00C3EEBF /* Field.cpp */ = {isa = PBXFileReference; fileEncoding = 4; lastKnownFileType = sourcecode.cpp.cpp; path = Field.cpp; sourceTree = "<group>"; };
		A96842F81A26097A00C3EEBF /* Field.h */ = {isa = PBXFileReference; fileEncoding = 4; lastKnownFileType = sourcecode.c.h; path = Field.h; sourceTree = "<group>"; };
		A96842F91A26097A00C3EEBF /* GameWorld.cpp */ = {isa = PBXFileReference; fileEncoding = 4; lastKnownFileType = sourcecode.cpp.cpp; path = GameWorld.cpp; sourceTree = "<group>"; };
		A96842FA1A26097A00C3EEBF /* GameWorld.h */ = {isa = PBXFileReference; fileEncoding = 4; lastKnownFileType = sourcecode.c.h; path = GameWorld.h; sourceTree = "<group>"; };
		A96842FB1A26097A00C3EEBF /* GravityField.cpp */ = {isa = PBXFileReference; fileEncoding = 4; lastKnownFileType = sourcecode.cpp.cpp; path = GravityField.cpp; sourceTree = "<group>"; };
		A96842FC1A26097A00C3EEBF /* GravityField.h */ = {isa = PBXFileReference; fileEncoding = 4; lastKnownFileType = sourcecode.c.h; path = GravityField.h; sourceTree = "<group>"; };
		A96842FD1A26097A00C3EEBF /* ObstacleField.cpp */ = {isa = PBXFileReference; fileEncoding = 4; lastKnownFileType = sourcecode.cpp.cpp; path = ObstacleField.cpp; sourceTree = "<group>"; };
		A96842FE1A26097A00C3EEBF /* ObstacleField.h */ = {isa = PBXFileReference; fileEncoding = 4; lastKnownFileType = sourcecode.c.h; path = ObstacleField.h; sourceTree = "<group>"; };
		A96842FF1A26097A00C3EEBF /* Particle.cpp */ = {isa = PBXFileReference; fileEncoding = 4; lastKnownFileType = sourcecode.cpp.cpp; path = Particle.cpp; sourceTree = "<group>"; };
		A96843001A26097A00C3EEBF /* Particle.h */ = {isa = PBXFileReference; fileEncoding = 4; lastKnownFileType = sourcecode.c.h; path = Particle.h; sourceTree = "<group>"; };
		A96843011A26097A00C3EEBF /* Rectangle.cpp */ = {isa = PBXFileReference; fileEncoding = 4; lastKnownFileType = sourcecode.cpp.cpp; path = Rectangle.cpp; sourceTree = "<group>"; };
		A96843021A26097A00C3EEBF /* Rectangle.h */ = {isa = PBXFileReference; fileEncoding = 4; lastKnownFileType = sourcecode.c.h; path = Rectangle.h; sourceTree = "<group>"; };
		A96843051A26097A00C3EEBF /* Vector.cpp */ = {isa = PBXFileReference; fileEncoding = 4; lastKnownFileType = sourcecode.cpp.cpp; path = Vector.cpp; sourceTree = "<group>"; };
		A96843061A26097A00C3EEBF /* Vector.h */ = {isa = PBXFileReference; fileEncoding = 4; lastKnownFileType = sourcecode.c.h; path = Vector.h; sourceTree = "<group>"; };
		A96843141A2609A100C3EEBF /* config.h */ = {isa = PBXFileReference; lastKnownFileType = sourcecode.c.h; path = config.h; sourceTree = "<group>"; };
		A968431B1A2714C000C3EEBF /* CentripetalGravityField.cpp */ = {isa = PBXFileReference; fileEncoding = 4; lastKnownFileType = sourcecode.cpp.cpp; path = CentripetalGravityField.cpp; sourceTree = "<group>"; };
		A968431C1A2714C000C3EEBF /* CentripetalGravityField.h */ = {isa = PBXFileReference; fileEncoding = 4; lastKnownFileType = sourcecode.c.h; path = CentripetalGravityField.h; sourceTree = "<group>"; };
		A982DEC61A1F93310095341A /* BouncingBall.app */ = {isa = PBXFileReference; explicitFileType = wrapper.application; includeInIndex = 0; path = BouncingBall.app; sourceTree = BUILT_PRODUCTS_DIR; };
		A982DEDF1A1F93310095341A /* BouncingBallTests.xctest */ = {isa = PBXFileReference; explicitFileType = wrapper.cfbundle; includeInIndex = 0; path = BouncingBallTests.xctest; sourceTree = BUILT_PRODUCTS_DIR; };
		A982DEE41A1F93310095341A /* Info.plist */ = {isa = PBXFileReference; lastKnownFileType = text.plist.xml; path = Info.plist; sourceTree = "<group>"; };
		A982DEE51A1F93310095341A /* BouncingBallTests.m */ = {isa = PBXFileReference; lastKnownFileType = sourcecode.c.objc; path = BouncingBallTests.m; sourceTree = "<group>"; };
		A9892F761A24DAF200B65142 /* AppDelegate.h */ = {isa = PBXFileReference; fileEncoding = 4; lastKnownFileType = sourcecode.c.h; path = AppDelegate.h; sourceTree = "<group>"; };
		A9892F771A24DAF200B65142 /* AppDelegate.m */ = {isa = PBXFileReference; fileEncoding = 4; lastKnownFileType = sourcecode.c.objc; path = AppDelegate.m; sourceTree = "<group>"; };
		A9892F781A24DAF200B65142 /* Ball.h */ = {isa = PBXFileReference; fileEncoding = 4; lastKnownFileType = sourcecode.c.h; path = Ball.h; sourceTree = "<group>"; };
		A9892F791A24DAF200B65142 /* Ball.mm */ = {isa = PBXFileReference; fileEncoding = 4; lastKnownFileType = sourcecode.cpp.objcpp; path = Ball.mm; sourceTree = "<group>"; };
		A9892F7B1A24DAF200B65142 /* Base */ = {isa = PBXFileReference; lastKnownFileType = file.xib; name = Base; path = Base.lproj/LaunchScreen.xib; sourceTree = "<group>"; };
		A9892F7D1A24DAF200B65142 /* Base */ = {isa = PBXFileReference; lastKnownFileType = file.storyboard; name = Base; path = Base.lproj/Main.storyboard; sourceTree = "<group>"; };
		A9892F921A24DAF200B65142 /* GameView.h */ = {isa = PBXFileReference; fileEncoding = 4; lastKnownFileType = sourcecode.c.h; path = GameView.h; sourceTree = "<group>"; };
		A9892F931A24DAF200B65142 /* GameView.mm */ = {isa = PBXFileReference; fileEncoding = 4; lastKnownFileType = sourcecode.cpp.objcpp; path = GameView.mm; sourceTree = "<group>"; };
		A9892F941A24DAF200B65142 /* Images.xcassets */ = {isa = PBXFileReference; lastKnownFileType = folder.assetcatalog; path = Images.xcassets; sourceTree = "<group>"; };
		A9892F951A24DAF200B65142 /* Info.plist */ = {isa = PBXFileReference; fileEncoding = 4; lastKnownFileType = text.plist.xml; path = Info.plist; sourceTree = "<group>"; };
		A9892F961A24DAF200B65142 /* main.m */ = {isa = PBXFileReference; fileEncoding = 4; lastKnownFileType = sourcecode.c.objc; path = main.m; sourceTree = "<group>"; };
		A9892F971A24DAF200B65142 /* ViewController.h */ = {isa = PBXFileReference; fileEncoding = 4; lastKnownFileType = sourcecode.c.h; path = ViewController.h; sourceTree = "<group>"; };
		A9892F981A24DAF200B65142 /* ViewController.mm */ = {isa = PBXFileReference; fileEncoding = 4; lastKnownFileType = sourcecode.cpp.objcpp; path = ViewController.mm; sourceTree = "<group>"; };
/* End PBXFileReference section */

/* Begin PBXFrameworksBuildPhase section */
		A982DEC31A1F93310095341A /* Frameworks */ = {
			isa = PBXFrameworksBuildPhase;
			buildActionMask = 2147483647;
			files = (
			);
			runOnlyForDeploymentPostprocessing = 0;
		};
		A982DEDC1A1F93310095341A /* Frameworks */ = {
			isa = PBXFrameworksBuildPhase;
			buildActionMask = 2147483647;
			files = (
			);
			runOnlyForDeploymentPostprocessing = 0;
		};
/* End PBXFrameworksBuildPhase section */

/* Begin PBXGroup section */
		A96842EC1A26097A00C3EEBF /* engine */ = {
			isa = PBXGroup;
			children = (
				A96842ED1A26097A00C3EEBF /* config */,
				A96842EE1A26097A00C3EEBF /* core */,
				A96843071A26097A00C3EEBF /* ios */,
			);
			path = engine;
			sourceTree = "<group>";
		};
		A96842ED1A26097A00C3EEBF /* config */ = {
			isa = PBXGroup;
			children = (
				A96843141A2609A100C3EEBF /* config.h */,
			);
			path = config;
			sourceTree = "<group>";
		};
		A96842EE1A26097A00C3EEBF /* core */ = {
			isa = PBXGroup;
			children = (
				A96842EF1A26097A00C3EEBF /* BuoyancyField.cpp */,
				A96842F01A26097A00C3EEBF /* BuoyancyField.h */,
				A96842F11A26097A00C3EEBF /* Circle.cpp */,
				A96842F21A26097A00C3EEBF /* Circle.h */,
				A96842F31A26097A00C3EEBF /* DampingField.cpp */,
				A96842F41A26097A00C3EEBF /* DampingField.h */,
				A96842F51A26097A00C3EEBF /* Emitter.cpp */,
				A96842F61A26097A00C3EEBF /* Emitter.h */,
				A96842F71A26097A00C3EEBF /* Field.cpp */,
				A96842F81A26097A00C3EEBF /* Field.h */,
				A96842F91A26097A00C3EEBF /* GameWorld.cpp */,
				A96842FA1A26097A00C3EEBF /* GameWorld.h */,
				A96842FB1A26097A00C3EEBF /* GravityField.cpp */,
				A96842FC1A26097A00C3EEBF /* GravityField.h */,
				A96842FD1A26097A00C3EEBF /* ObstacleField.cpp */,
				A96842FE1A26097A00C3EEBF /* ObstacleField.h */,
				A96842FF1A26097A00C3EEBF /* Particle.cpp */,
				A96843001A26097A00C3EEBF /* Particle.h */,
				A96843011A26097A00C3EEBF /* Rectangle.cpp */,
				A96843021A26097A00C3EEBF /* Rectangle.h */,
				A96843051A26097A00C3EEBF /* Vector.cpp */,
				A96843061A26097A00C3EEBF /* Vector.h */,
				A968431B1A2714C000C3EEBF /* CentripetalGravityField.cpp */,
				A968431C1A2714C000C3EEBF /* CentripetalGravityField.h */,
			);
			path = core;
			sourceTree = "<group>";
		};
		A96843071A26097A00C3EEBF /* ios */ = {
			isa = PBXGroup;
			children = (
			);
			path = ios;
			sourceTree = "<group>";
		};
		A982DEBD1A1F93310095341A = {
			isa = PBXGroup;
			children = (
				A9892F751A24DAF200B65142 /* BouncingBall */,
				A982DEE21A1F93310095341A /* BouncingBallTests */,
				A982DEC71A1F93310095341A /* Products */,
			);
			sourceTree = "<group>";
		};
		A982DEC71A1F93310095341A /* Products */ = {
			isa = PBXGroup;
			children = (
				A982DEC61A1F93310095341A /* BouncingBall.app */,
				A982DEDF1A1F93310095341A /* BouncingBallTests.xctest */,
			);
			name = Products;
			sourceTree = "<group>";
		};
		A982DEE21A1F93310095341A /* BouncingBallTests */ = {
			isa = PBXGroup;
			children = (
				A982DEE51A1F93310095341A /* BouncingBallTests.m */,
				A982DEE31A1F93310095341A /* Supporting Files */,
			);
			path = BouncingBallTests;
			sourceTree = "<group>";
		};
		A982DEE31A1F93310095341A /* Supporting Files */ = {
			isa = PBXGroup;
			children = (
				A982DEE41A1F93310095341A /* Info.plist */,
			);
			name = "Supporting Files";
			sourceTree = "<group>";
		};
		A9892F751A24DAF200B65142 /* BouncingBall */ = {
			isa = PBXGroup;
			children = (
				A96842EC1A26097A00C3EEBF /* engine */,
				A9892F761A24DAF200B65142 /* AppDelegate.h */,
				A9892F771A24DAF200B65142 /* AppDelegate.m */,
				A9892F781A24DAF200B65142 /* Ball.h */,
				A9892F791A24DAF200B65142 /* Ball.mm */,
				A9892F7A1A24DAF200B65142 /* LaunchScreen.xib */,
				A9892F7C1A24DAF200B65142 /* Main.storyboard */,
				A9892F921A24DAF200B65142 /* GameView.h */,
				A9892F931A24DAF200B65142 /* GameView.mm */,
				A9892F941A24DAF200B65142 /* Images.xcassets */,
				A9892F951A24DAF200B65142 /* Info.plist */,
				A9892F961A24DAF200B65142 /* main.m */,
				A9892F971A24DAF200B65142 /* ViewController.h */,
				A9892F981A24DAF200B65142 /* ViewController.mm */,
			);
			path = BouncingBall;
			sourceTree = "<group>";
		};
/* End PBXGroup section */

/* Begin PBXNativeTarget section */
		A982DEC51A1F93310095341A /* BouncingBall */ = {
			isa = PBXNativeTarget;
			buildConfigurationList = A982DEE91A1F93310095341A /* Build configuration list for PBXNativeTarget "BouncingBall" */;
			buildPhases = (
				A982DEC21A1F93310095341A /* Sources */,
				A982DEC31A1F93310095341A /* Frameworks */,
				A982DEC41A1F93310095341A /* Resources */,
			);
			buildRules = (
			);
			dependencies = (
			);
			name = BouncingBall;
			productName = BouncingBall;
			productReference = A982DEC61A1F93310095341A /* BouncingBall.app */;
			productType = "com.apple.product-type.application";
		};
		A982DEDE1A1F93310095341A /* BouncingBallTests */ = {
			isa = PBXNativeTarget;
			buildConfigurationList = A982DEEC1A1F93310095341A /* Build configuration list for PBXNativeTarget "BouncingBallTests" */;
			buildPhases = (
				A982DEDB1A1F93310095341A /* Sources */,
				A982DEDC1A1F93310095341A /* Frameworks */,
				A982DEDD1A1F93310095341A /* Resources */,
			);
			buildRules = (
			);
			dependencies = (
				A982DEE11A1F93310095341A /* PBXTargetDependency */,
			);
			name = BouncingBallTests;
			productName = BouncingBallTests;
			productReference = A982DEDF1A1F93310095341A /* BouncingBallTests.xctest */;
			productType = "com.apple.product-type.bundle.unit-test";
		};
/* End PBXNativeTarget section */

/* Begin PBXProject section */
		A982DEBE1A1F93310095341A /* Project object */ = {
			isa = PBXProject;
			attributes = {
				LastUpgradeCheck = 0610;
				ORGANIZATIONNAME = JIRENTIANXIANG;
				TargetAttributes = {
					A982DEC51A1F93310095341A = {
						CreatedOnToolsVersion = 6.1;
					};
					A982DEDE1A1F93310095341A = {
						CreatedOnToolsVersion = 6.1;
						TestTargetID = A982DEC51A1F93310095341A;
					};
				};
			};
			buildConfigurationList = A982DEC11A1F93310095341A /* Build configuration list for PBXProject "BouncingBall" */;
			compatibilityVersion = "Xcode 3.2";
			developmentRegion = English;
			hasScannedForEncodings = 0;
			knownRegions = (
				en,
				Base,
			);
			mainGroup = A982DEBD1A1F93310095341A;
			productRefGroup = A982DEC71A1F93310095341A /* Products */;
			projectDirPath = "";
			projectRoot = "";
			targets = (
				A982DEC51A1F93310095341A /* BouncingBall */,
				A982DEDE1A1F93310095341A /* BouncingBallTests */,
			);
		};
/* End PBXProject section */

/* Begin PBXResourcesBuildPhase section */
		A982DEC41A1F93310095341A /* Resources */ = {
			isa = PBXResourcesBuildPhase;
			buildActionMask = 2147483647;
			files = (
				A9892FA91A24DAF200B65142 /* Info.plist in Resources */,
				A9892FA81A24DAF200B65142 /* Images.xcassets in Resources */,
				A9892F9B1A24DAF200B65142 /* LaunchScreen.xib in Resources */,
				A9892F9C1A24DAF200B65142 /* Main.storyboard in Resources */,
			);
			runOnlyForDeploymentPostprocessing = 0;
		};
		A982DEDD1A1F93310095341A /* Resources */ = {
			isa = PBXResourcesBuildPhase;
			buildActionMask = 2147483647;
			files = (
			);
			runOnlyForDeploymentPostprocessing = 0;
		};
/* End PBXResourcesBuildPhase section */

/* Begin PBXSourcesBuildPhase section */
		A982DEC21A1F93310095341A /* Sources */ = {
			isa = PBXSourcesBuildPhase;
			buildActionMask = 2147483647;
			files = (
				A96843091A26097A00C3EEBF /* Circle.cpp in Sources */,
				A9892F9A1A24DAF200B65142 /* Ball.mm in Sources */,
				A96843131A26097A00C3EEBF /* Vector.cpp in Sources */,
				A9892FAB1A24DAF200B65142 /* ViewController.mm in Sources */,
				A968430B1A26097A00C3EEBF /* Emitter.cpp in Sources */,
				A968430F1A26097A00C3EEBF /* ObstacleField.cpp in Sources */,
				A96843081A26097A00C3EEBF /* BuoyancyField.cpp in Sources */,
				A9892F991A24DAF200B65142 /* AppDelegate.m in Sources */,
				A96843101A26097A00C3EEBF /* Particle.cpp in Sources */,
				A96843111A26097A00C3EEBF /* Rectangle.cpp in Sources */,
				A968431D1A2714C000C3EEBF /* CentripetalGravityField.cpp in Sources */,
				A968430D1A26097A00C3EEBF /* GameWorld.cpp in Sources */,
				A968430E1A26097A00C3EEBF /* GravityField.cpp in Sources */,
				A968430C1A26097A00C3EEBF /* Field.cpp in Sources */,
				A968430A1A26097A00C3EEBF /* DampingField.cpp in Sources */,
				A9892FAA1A24DAF200B65142 /* main.m in Sources */,
				A9892FA71A24DAF200B65142 /* GameView.mm in Sources */,
			);
			runOnlyForDeploymentPostprocessing = 0;
		};
		A982DEDB1A1F93310095341A /* Sources */ = {
			isa = PBXSourcesBuildPhase;
			buildActionMask = 2147483647;
			files = (
				A982DEE61A1F93310095341A /* BouncingBallTests.m in Sources */,
			);
			runOnlyForDeploymentPostprocessing = 0;
		};
/* End PBXSourcesBuildPhase section */

/* Begin PBXTargetDependency section */
		A982DEE11A1F93310095341A /* PBXTargetDependency */ = {
			isa = PBXTargetDependency;
			target = A982DEC51A1F93310095341A /* BouncingBall */;
			targetProxy = A982DEE01A1F93310095341A /* PBXContainerItemProxy */;
		};
/* End PBXTargetDependency section */

/* Begin PBXVariantGroup section */
		A9892F7A1A24DAF200B65142 /* LaunchScreen.xib */ = {
			isa = PBXVariantGroup;
			children = (
				A9892F7B1A24DAF200B65142 /* Base */,
			);
			name = LaunchScreen.xib;
			sourceTree = "<group>";
		};
		A9892F7C1A24DAF200B65142 /* Main.storyboard */ = {
			isa = PBXVariantGroup;
			children = (
				A9892F7D1A24DAF200B65142 /* Base */,
			);
			name = Main.storyboard;
			sourceTree = "<group>";
		};
/* End PBXVariantGroup section */

/* Begin XCBuildConfiguration section */
		A982DEE71A1F93310095341A /* Debug */ = {
			isa = XCBuildConfiguration;
			buildSettings = {
				ALWAYS_SEARCH_USER_PATHS = NO;
				CLANG_CXX_LANGUAGE_STANDARD = "gnu++0x";
				CLANG_CXX_LIBRARY = "libc++";
				CLANG_ENABLE_MODULES = YES;
				CLANG_ENABLE_OBJC_ARC = YES;
				CLANG_WARN_BOOL_CONVERSION = YES;
				CLANG_WARN_CONSTANT_CONVERSION = YES;
				CLANG_WARN_DIRECT_OBJC_ISA_USAGE = YES_ERROR;
				CLANG_WARN_EMPTY_BODY = YES;
				CLANG_WARN_ENUM_CONVERSION = YES;
				CLANG_WARN_INT_CONVERSION = YES;
				CLANG_WARN_OBJC_ROOT_CLASS = YES_ERROR;
				CLANG_WARN_UNREACHABLE_CODE = YES;
				CLANG_WARN__DUPLICATE_METHOD_MATCH = YES;
				"CODE_SIGN_IDENTITY[sdk=iphoneos*]" = "iPhone Developer";
				COPY_PHASE_STRIP = NO;
				ENABLE_STRICT_OBJC_MSGSEND = YES;
				GCC_C_LANGUAGE_STANDARD = gnu99;
				GCC_DYNAMIC_NO_PIC = NO;
				GCC_OPTIMIZATION_LEVEL = 0;
				GCC_PREPROCESSOR_DEFINITIONS = (
					"DEBUG=1",
					"$(inherited)",
				);
				GCC_SYMBOLS_PRIVATE_EXTERN = NO;
				GCC_WARN_64_TO_32_BIT_CONVERSION = YES;
				GCC_WARN_ABOUT_RETURN_TYPE = YES_ERROR;
				GCC_WARN_UNDECLARED_SELECTOR = YES;
				GCC_WARN_UNINITIALIZED_AUTOS = YES_AGGRESSIVE;
				GCC_WARN_UNUSED_FUNCTION = YES;
				GCC_WARN_UNUSED_VARIABLE = YES;
				IPHONEOS_DEPLOYMENT_TARGET = 8.1;
				MTL_ENABLE_DEBUG_INFO = YES;
				ONLY_ACTIVE_ARCH = YES;
				SDKROOT = iphoneos;
				TARGETED_DEVICE_FAMILY = "1,2";
			};
			name = Debug;
		};
		A982DEE81A1F93310095341A /* Release */ = {
			isa = XCBuildConfiguration;
			buildSettings = {
				ALWAYS_SEARCH_USER_PATHS = NO;
				CLANG_CXX_LANGUAGE_STANDARD = "gnu++0x";
				CLANG_CXX_LIBRARY = "libc++";
				CLANG_ENABLE_MODULES = YES;
				CLANG_ENABLE_OBJC_ARC = YES;
				CLANG_WARN_BOOL_CONVERSION = YES;
				CLANG_WARN_CONSTANT_CONVERSION = YES;
				CLANG_WARN_DIRECT_OBJC_ISA_USAGE = YES_ERROR;
				CLANG_WARN_EMPTY_BODY = YES;
				CLANG_WARN_ENUM_CONVERSION = YES;
				CLANG_WARN_INT_CONVERSION = YES;
				CLANG_WARN_OBJC_ROOT_CLASS = YES_ERROR;
				CLANG_WARN_UNREACHABLE_CODE = YES;
				CLANG_WARN__DUPLICATE_METHOD_MATCH = YES;
				"CODE_SIGN_IDENTITY[sdk=iphoneos*]" = "iPhone Developer";
				COPY_PHASE_STRIP = YES;
				ENABLE_NS_ASSERTIONS = NO;
				ENABLE_STRICT_OBJC_MSGSEND = YES;
				GCC_C_LANGUAGE_STANDARD = gnu99;
				GCC_WARN_64_TO_32_BIT_CONVERSION = YES;
				GCC_WARN_ABOUT_RETURN_TYPE = YES_ERROR;
				GCC_WARN_UNDECLARED_SELECTOR = YES;
				GCC_WARN_UNINITIALIZED_AUTOS = YES_AGGRESSIVE;
				GCC_WARN_UNUSED_FUNCTION = YES;
				GCC_WARN_UNUSED_VARIABLE = YES;
				IPHONEOS_DEPLOYMENT_TARGET = 8.1;
				MTL_ENABLE_DEBUG_INFO = NO;
				SDKROOT = iphoneos;
				TARGETED_DEVICE_FAMILY = "1,2";
				VALIDATE_PRODUCT = YES;
			};
			name = Release;
		};
		A982DEEA1A1F93310095341A /* Debug */ = {
			isa = XCBuildConfiguration;
			buildSettings = {
				ASSETCATALOG_COMPILER_APPICON_NAME = AppIcon;
				INFOPLIST_FILE = BouncingBall/Info.plist;
				LD_RUNPATH_SEARCH_PATHS = "$(inherited) @executable_path/Frameworks";
				PRODUCT_NAME = "$(TARGET_NAME)";
			};
			name = Debug;
		};
		A982DEEB1A1F93310095341A /* Release */ = {
			isa = XCBuildConfiguration;
			buildSettings = {
				ASSETCATALOG_COMPILER_APPICON_NAME = AppIcon;
				INFOPLIST_FILE = BouncingBall/Info.plist;
				LD_RUNPATH_SEARCH_PATHS = "$(inherited) @executable_path/Frameworks";
				PRODUCT_NAME = "$(TARGET_NAME)";
			};
			name = Release;
		};
		A982DEED1A1F93310095341A /* Debug */ = {
			isa = XCBuildConfiguration;
			buildSettings = {
				BUNDLE_LOADER = "$(TEST_HOST)";
				FRAMEWORK_SEARCH_PATHS = (
					"$(SDKROOT)/Developer/Library/Frameworks",
					"$(inherited)",
				);
				GCC_PREPROCESSOR_DEFINITIONS = (
					"DEBUG=1",
					"$(inherited)",
				);
				INFOPLIST_FILE = BouncingBallTests/Info.plist;
				LD_RUNPATH_SEARCH_PATHS = "$(inherited) @executable_path/Frameworks @loader_path/Frameworks";
				PRODUCT_NAME = "$(TARGET_NAME)";
				TEST_HOST = "$(BUILT_PRODUCTS_DIR)/BouncingBall.app/BouncingBall";
			};
			name = Debug;
		};
		A982DEEE1A1F93310095341A /* Release */ = {
			isa = XCBuildConfiguration;
			buildSettings = {
				BUNDLE_LOADER = "$(TEST_HOST)";
				FRAMEWORK_SEARCH_PATHS = (
					"$(SDKROOT)/Developer/Library/Frameworks",
					"$(inherited)",
				);
				INFOPLIST_FILE = BouncingBallTests/Info.plist;
				LD_RUNPATH_SEARCH_PATHS = "$(inherited) @executable_path/Frameworks @loader_path/Frameworks";
				PRODUCT_NAME = "$(TARGET_NAME)";
				TEST_HOST = "$(BUILT_PRODUCTS_DIR)/BouncingBall.app/BouncingBall";
			};
			name = Release;
		};
/* End XCBuildConfiguration section */

/* Begin XCConfigurationList section */
		A982DEC11A1F93310095341A /* Build configuration list for PBXProject "BouncingBall" */ = {
			isa = XCConfigurationList;
			buildConfigurations = (
				A982DEE71A1F93310095341A /* Debug */,
				A982DEE81A1F93310095341A /* Release */,
			);
			defaultConfigurationIsVisible = 0;
			defaultConfigurationName = Release;
		};
		A982DEE91A1F93310095341A /* Build configuration list for PBXNativeTarget "BouncingBall" */ = {
			isa = XCConfigurationList;
			buildConfigurations = (
				A982DEEA1A1F93310095341A /* Debug */,
				A982DEEB1A1F93310095341A /* Release */,
			);
			defaultConfigurationIsVisible = 0;
			defaultConfigurationName = Release;
		};
		A982DEEC1A1F93310095341A /* Build configuration list for PBXNativeTarget "BouncingBallTests" */ = {
			isa = XCConfigurationList;
			buildConfigurations = (
				A982DEED1A1F93310095341A /* Debug */,
				A982DEEE1A1F93310095341A /* Release */,
			);
			defaultConfigurationIsVisible = 0;
			defaultConfigurationName = Release;
		};
/* End XCConfigurationList section */
	};
	rootObject = A982DEBE1A1F93310095341A /* Project object */;
}
